
Microsoft Visual Studio Solution File, Format Version 12.00
# Visual Studio Version 17
VisualStudioVersion = 17.11.35327.3
MinimumVisualStudioVersion = 10.0.40219.1
Project("{FAE04EC0-301F-11D3-BF4B-00C04F79EFBC}") = "Warfare", "Warfare.csproj", "{9B43125E-AFB7-4683-BFCE-387BBA7D2AD4}"
EndProject
Global
	GlobalSection(SolutionConfigurationPlatforms) = preSolution
		Debug|Any CPU = Debug|Any CPU
		Release|Any CPU = Release|Any CPU
	EndGlobalSection
	GlobalSection(ProjectConfigurationPlatforms) = postSolution
		{9B43125E-AFB7-4683-BFCE-387BBA7D2AD4}.Debug|Any CPU.ActiveCfg = Debug|Any CPU
		{9B43125E-AFB7-4683-BFCE-387BBA7D2AD4}.Debug|Any CPU.Build.0 = Debug|Any CPU
		{9B43125E-AFB7-4683-BFCE-387BBA7D2AD4}.Release|Any CPU.ActiveCfg = Release|Any CPU
		{9B43125E-AFB7-4683-BFCE-387BBA7D2AD4}.Release|Any CPU.Build.0 = Release|Any CPU
	EndGlobalSection
	GlobalSection(SolutionProperties) = preSolution
		HideSolutionNode = FALSE
	EndGlobalSection
	GlobalSection(ExtensibilityGlobals) = postSolution
		SolutionGuid = {C10BBCB5-904A-4D58-9348-B597B2B45381}
	EndGlobalSection
EndGlobal
